
Microsoft Visual Studio Solution File, Format Version 12.00
# Visual Studio Version 17
VisualStudioVersion = 17.9.34607.119
MinimumVisualStudioVersion = 10.0.40219.1
Project("{FAE04EC0-301F-11D3-BF4B-00C04F79EFBC}") = "DungeonMasterModuleSaver", "DungeonMasterModuleSaver\DungeonMasterModuleSaver.csproj", "{7C502E33-DEA9-4C73-A359-09D77533A774}"
EndProject
Global
	GlobalSection(SolutionConfigurationPlatforms) = preSolution
		Debug|Any CPU = Debug|Any CPU
		Release|Any CPU = Release|Any CPU
	EndGlobalSection
	GlobalSection(ProjectConfigurationPlatforms) = postSolution
		{7C502E33-DEA9-4C73-A359-09D77533A774}.Debug|Any CPU.ActiveCfg = Debug|Any CPU
		{7C502E33-DEA9-4C73-A359-09D77533A774}.Debug|Any CPU.Build.0 = Debug|Any CPU
		{7C502E33-DEA9-4C73-A359-09D77533A774}.Release|Any CPU.ActiveCfg = Release|Any CPU
		{7C502E33-DEA9-4C73-A359-09D77533A774}.Release|Any CPU.Build.0 = Release|Any CPU
	EndGlobalSection
	GlobalSection(SolutionProperties) = preSolution
		HideSolutionNode = FALSE
	EndGlobalSection
	GlobalSection(ExtensibilityGlobals) = postSolution
		SolutionGuid = {5ED48111-CDD9-4698-B7A0-D41BACE297A8}
	EndGlobalSection
EndGlobal
